
Microsoft Visual Studio Solution File, Format Version 12.00
# Visual Studio Version 16
VisualStudioVersion = 16.0.810.18
MinimumVisualStudioVersion = 10.0.40219.1
Project("{FAE04EC0-301F-11D3-BF4B-00C04F79EFBC}") = "TelefonRehberi", "TelefonRehberi.csproj", "{7FB1195A-8181-4716-B8C4-54AF5C4CD02A}"
EndProject
Global
	GlobalSection(SolutionConfigurationPlatforms) = preSolution
		Debug|Any CPU = Debug|Any CPU
		Release|Any CPU = Release|Any CPU
	EndGlobalSection
	GlobalSection(ProjectConfigurationPlatforms) = postSolution
		{7FB1195A-8181-4716-B8C4-54AF5C4CD02A}.Debug|Any CPU.ActiveCfg = Debug|Any CPU
		{7FB1195A-8181-4716-B8C4-54AF5C4CD02A}.Debug|Any CPU.Build.0 = Debug|Any CPU
		{7FB1195A-8181-4716-B8C4-54AF5C4CD02A}.Release|Any CPU.ActiveCfg = Release|Any CPU
		{7FB1195A-8181-4716-B8C4-54AF5C4CD02A}.Release|Any CPU.Build.0 = Release|Any CPU
	EndGlobalSection
	GlobalSection(SolutionProperties) = preSolution
		HideSolutionNode = FALSE
	EndGlobalSection
	GlobalSection(ExtensibilityGlobals) = postSolution
		SolutionGuid = {060AE1AD-6C63-4F83-A9AB-BF656778469F}
	EndGlobalSection
EndGlobal
